<?xml version="1.0" encoding="UTF-8" standalone="yes" ?>
<CodeBlocks_project_file>
	<FileVersion major="1" minor="6" />
	<Project>
		<Option title="EncyklopediaGier" />
		<Option pch_mode="2" />
		<Option compiler="gcc" />
		<Build>
			<Target title="Debug">
				<Option output="bin/Debug/EncyklopediaGier" prefix_auto="1" extension_auto="1" />
				<Option object_output="obj/Debug/" />
				<Option type="0" />
				<Option compiler="gcc" />
				<Option projectLinkerOptionsRelation="2" />
				<Compiler>
					<Add option="-g" />
					<Add directory="D:/wxWidgets-3.1.2/lib/gcc_dll/mswu" />
				</Compiler>
				<ResourceCompiler>
					<Add directory="D:/wxWidgets-3.1.2/lib/gcc_dll/mswu" />
				</ResourceCompiler>
				<Linker>
					<Add library="libwxmsw31u.a" />
					<Add directory="D:/wxWidgets-3.1.2/lib/gcc_dll" />
				</Linker>
			</Target>
			<Target title="Release">
				<Option output="bin/Release/EncyklopediaGier" prefix_auto="1" extension_auto="1" />
				<Option object_output="obj/Release/" />
				<Option type="0" />
				<Option compiler="gcc" />
				<Option projectLinkerOptionsRelation="2" />
				<Compiler>
					<Add option="-O2" />
					<Add directory="D:/wxWidgets-3.1.2/lib/gcc_dll/mswu" />
				</Compiler>
				<ResourceCompiler>
					<Add directory="D:/wxWidgets-3.1.2/lib/gcc_dll/mswu" />
				</ResourceCompiler>
				<Linker>
					<Add option="-s" />
					<Add library="libwxmsw31u.a" />
					<Add directory="D:/wxWidgets-3.1.2/lib/gcc_dll" />
				</Linker>
			</Target>
		</Build>
		<Compiler>
			<Add option="-pipe" />
			<Add option="-mthreads" />
			<Add option="-D__GNUWIN32__" />
			<Add option="-D__WXMSW__" />
			<Add option="-DWXUSINGDLL" />
			<Add option="-DwxUSE_UNICODE" />
			<Add option="-Wall" />
			<Add directory="D:/wxWidgets-3.1.2/include" />
		</Compiler>
		<ResourceCompiler>
			<Add directory="D:/wxWidgets-3.1.2/include" />
		</ResourceCompiler>
		<Linker>
			<Add option="-mthreads" />
		</Linker>
		<Unit filename="EncyklopediaGierApp.cpp" />
		<Unit filename="EncyklopediaGierApp.h" />
		<Unit filename="EncyklopediaGierMain.cpp" />
		<Unit filename="EncyklopediaGierMain.h" />
		<Unit filename="data/Controls/Button/button.hpp" />
		<Unit filename="data/Controls/Label/label.hpp" />
		<Unit filename="data/Controls/TextInput/textInput.hpp" />
		<Unit filename="data/Core/Component/component.hpp" />
		<Unit filename="data/Core/Component/controlComponent.hpp" />
		<Unit filename="data/Core/Component/visualComponent.hpp" />
		<Unit filename="data/Core/Event/event.hpp" />
		<Unit filename="data/Core/View/view.hpp" />
		<Unit filename="data/Elements/AppComponent/appComponent.hpp" />
		<Unit filename="data/Elements/FormExample/form.hpp" />
		<Unit filename="resource.rc">
			<Option compilerVar="WINDRES" />
		</Unit>
		<Unit filename="wxsmith/EncyklopediaGierframe.wxs" />
		<Extensions>
			<code_completion />
			<envvars />
			<debugger />
			<wxsmith version="1">
				<gui name="wxWidgets" src="EncyklopediaGierApp.cpp" main="EncyklopediaGierFrame" init_handlers="necessary" language="CPP" />
				<resources>
					<wxFrame wxs="wxsmith/EncyklopediaGierframe.wxs" src="EncyklopediaGierMain.cpp" hdr="EncyklopediaGierMain.h" fwddecl="0" i18n="1" name="EncyklopediaGierFrame" language="CPP" />
				</resources>
			</wxsmith>
		</Extensions>
	</Project>
</CodeBlocks_project_file>
